
Microsoft Visual Studio Solution File, Format Version 12.00
# Visual Studio 2013
VisualStudioVersion = 12.0.21005.1
MinimumVisualStudioVersion = 10.0.40219.1
Project("{FAE04EC0-301F-11D3-BF4B-00C04F79EFBC}") = "LibraryProject", "LibraryProject\LibraryProject.csproj", "{5C9B6925-7799-465B-9A72-F8A6E78F0ED5}"
EndProject
Project("{FAE04EC0-301F-11D3-BF4B-00C04F79EFBC}") = "ProjectEntities", "ProjectEntities\ProjectEntities.csproj", "{E5AF25DA-344C-44E3-8542-EF091F6079B8}"
EndProject
Project("{FAE04EC0-301F-11D3-BF4B-00C04F79EFBC}") = "ProjectRepositories", "ProjectRepositories\ProjectRepositories.csproj", "{3B0ECD11-FEAC-491C-A78C-13FFE39CB6F4}"
EndProject
Global
	GlobalSection(SolutionConfigurationPlatforms) = preSolution
		Debug|Any CPU = Debug|Any CPU
		Release|Any CPU = Release|Any CPU
	EndGlobalSection
	GlobalSection(ProjectConfigurationPlatforms) = postSolution
		{5C9B6925-7799-465B-9A72-F8A6E78F0ED5}.Debug|Any CPU.ActiveCfg = Debug|Any CPU
		{5C9B6925-7799-465B-9A72-F8A6E78F0ED5}.Debug|Any CPU.Build.0 = Debug|Any CPU
		{5C9B6925-7799-465B-9A72-F8A6E78F0ED5}.Release|Any CPU.ActiveCfg = Release|Any CPU
		{5C9B6925-7799-465B-9A72-F8A6E78F0ED5}.Release|Any CPU.Build.0 = Release|Any CPU
		{E5AF25DA-344C-44E3-8542-EF091F6079B8}.Debug|Any CPU.ActiveCfg = Debug|Any CPU
		{E5AF25DA-344C-44E3-8542-EF091F6079B8}.Debug|Any CPU.Build.0 = Debug|Any CPU
		{E5AF25DA-344C-44E3-8542-EF091F6079B8}.Release|Any CPU.ActiveCfg = Release|Any CPU
		{E5AF25DA-344C-44E3-8542-EF091F6079B8}.Release|Any CPU.Build.0 = Release|Any CPU
		{3B0ECD11-FEAC-491C-A78C-13FFE39CB6F4}.Debug|Any CPU.ActiveCfg = Debug|Any CPU
		{3B0ECD11-FEAC-491C-A78C-13FFE39CB6F4}.Debug|Any CPU.Build.0 = Debug|Any CPU
		{3B0ECD11-FEAC-491C-A78C-13FFE39CB6F4}.Release|Any CPU.ActiveCfg = Release|Any CPU
		{3B0ECD11-FEAC-491C-A78C-13FFE39CB6F4}.Release|Any CPU.Build.0 = Release|Any CPU
	EndGlobalSection
	GlobalSection(SolutionProperties) = preSolution
		HideSolutionNode = FALSE
	EndGlobalSection
EndGlobal
